
Microsoft Visual Studio Solution File, Format Version 12.00
# Visual Studio Version 17
VisualStudioVersion = 17.10.34928.147
MinimumVisualStudioVersion = 10.0.40219.1
Project("{FAE04EC0-301F-11D3-BF4B-00C04F79EFBC}") = "DIadocHttp", "DIadocHttp\DIadocHttp.csproj", "{02FC1CB6-93F7-4902-A4A8-BDADED6593E7}"
EndProject
Global
	GlobalSection(SolutionConfigurationPlatforms) = preSolution
		Debug|Any CPU = Debug|Any CPU
		Release|Any CPU = Release|Any CPU
	EndGlobalSection
	GlobalSection(ProjectConfigurationPlatforms) = postSolution
		{02FC1CB6-93F7-4902-A4A8-BDADED6593E7}.Debug|Any CPU.ActiveCfg = Debug|Any CPU
		{02FC1CB6-93F7-4902-A4A8-BDADED6593E7}.Debug|Any CPU.Build.0 = Debug|Any CPU
		{02FC1CB6-93F7-4902-A4A8-BDADED6593E7}.Release|Any CPU.ActiveCfg = Release|Any CPU
		{02FC1CB6-93F7-4902-A4A8-BDADED6593E7}.Release|Any CPU.Build.0 = Release|Any CPU
	EndGlobalSection
	GlobalSection(SolutionProperties) = preSolution
		HideSolutionNode = FALSE
	EndGlobalSection
	GlobalSection(ExtensibilityGlobals) = postSolution
		SolutionGuid = {94CAB132-A309-407F-9B83-F35EEB9ABC85}
	EndGlobalSection
EndGlobal
